
Microsoft Visual Studio Solution File, Format Version 12.00
# Visual Studio Version 16
VisualStudioVersion = 16.0.29215.179
MinimumVisualStudioVersion = 10.0.40219.1
Project("{FAE04EC0-301F-11D3-BF4B-00C04F79EFBC}") = "MainUI", "MainUI\MainUI.csproj", "{8CE699F1-848C-47F9-BC6E-42C0E9AC8543}"
EndProject
Global
	GlobalSection(SolutionConfigurationPlatforms) = preSolution
		Debug|Any CPU = Debug|Any CPU
		Release|Any CPU = Release|Any CPU
	EndGlobalSection
	GlobalSection(ProjectConfigurationPlatforms) = postSolution
		{8CE699F1-848C-47F9-BC6E-42C0E9AC8543}.Debug|Any CPU.ActiveCfg = Debug|Any CPU
		{8CE699F1-848C-47F9-BC6E-42C0E9AC8543}.Debug|Any CPU.Build.0 = Debug|Any CPU
		{8CE699F1-848C-47F9-BC6E-42C0E9AC8543}.Release|Any CPU.ActiveCfg = Release|Any CPU
		{8CE699F1-848C-47F9-BC6E-42C0E9AC8543}.Release|Any CPU.Build.0 = Release|Any CPU
	EndGlobalSection
	GlobalSection(SolutionProperties) = preSolution
		HideSolutionNode = FALSE
	EndGlobalSection
	GlobalSection(ExtensibilityGlobals) = postSolution
		SolutionGuid = {D95CC394-A0B1-465E-9BE3-D77F98FCBAE6}
	EndGlobalSection
EndGlobal
